// !$*UTF8*$!
{
	archiveVersion = 1;
	classes = {
	};
	objectVersion = 77;
	objects = {

/* Begin PBXBuildFile section */
		2B0C31B32D8DCCCF0055AAC0 /* Supabase in Frameworks */ = {isa = PBXBuildFile; productRef = 2B0C31B22D8DCCCF0055AAC0 /* Supabase */; };
		2B9779D72D8DC8E0003E7A5B /* Auth in Frameworks */ = {isa = PBXBuildFile; productRef = 2B9779D62D8DC8E0003E7A5B /* Auth */; };
		2B9779D92D8DC8E0003E7A5B /* Functions in Frameworks */ = {isa = PBXBuildFile; productRef = 2B9779D82D8DC8E0003E7A5B /* Functions */; };
		2B9779DB2D8DC8E0003E7A5B /* PostgREST in Frameworks */ = {isa = PBXBuildFile; productRef = 2B9779DA2D8DC8E0003E7A5B /* PostgREST */; settings = {ATTRIBUTES = (Required, ); }; };
		2B9779DD2D8DC8E0003E7A5B /* Realtime in Frameworks */ = {isa = PBXBuildFile; productRef = 2B9779DC2D8DC8E0003E7A5B /* Realtime */; };
		2B9779DF2D8DC8E0003E7A5B /* Storage in Frameworks */ = {isa = PBXBuildFile; productRef = 2B9779DE2D8DC8E0003E7A5B /* Storage */; };
/* End PBXBuildFile section */

/* Begin PBXContainerItemProxy section */
		2B9779732D8CA7A8003E7A5B /* PBXContainerItemProxy */ = {
			isa = PBXContainerItemProxy;
			containerPortal = 2B9779592D8CA7A7003E7A5B /* Project object */;
			proxyType = 1;
			remoteGlobalIDString = 2B9779602D8CA7A7003E7A5B;
			remoteInfo = "Auri 02";
		};
		2B97797D2D8CA7A8003E7A5B /* PBXContainerItemProxy */ = {
			isa = PBXContainerItemProxy;
			containerPortal = 2B9779592D8CA7A7003E7A5B /* Project object */;
			proxyType = 1;
			remoteGlobalIDString = 2B9779602D8CA7A7003E7A5B;
			remoteInfo = "Auri 02";
		};
/* End PBXContainerItemProxy section */

/* Begin PBXFileReference section */
		2B9779612D8CA7A7003E7A5B /* Auri 02.app */ = {isa = PBXFileReference; explicitFileType = wrapper.application; includeInIndex = 0; path = "Auri 02.app"; sourceTree = BUILT_PRODUCTS_DIR; };
		2B9779722D8CA7A8003E7A5B /* Auri 02Tests.xctest */ = {isa = PBXFileReference; explicitFileType = wrapper.cfbundle; includeInIndex = 0; path = "Auri 02Tests.xctest"; sourceTree = BUILT_PRODUCTS_DIR; };
		2B97797C2D8CA7A8003E7A5B /* Auri 02UITests.xctest */ = {isa = PBXFileReference; explicitFileType = wrapper.cfbundle; includeInIndex = 0; path = "Auri 02UITests.xctest"; sourceTree = BUILT_PRODUCTS_DIR; };
/* End PBXFileReference section */

/* Begin PBXFileSystemSynchronizedRootGroup section */
		2B9779632D8CA7A7003E7A5B /* Auri 02 */ = {
			isa = PBXFileSystemSynchronizedRootGroup;
			path = "Auri 02";
			sourceTree = "<group>";
		};
		2B9779752D8CA7A8003E7A5B /* Auri 02Tests */ = {
			isa = PBXFileSystemSynchronizedRootGroup;
			path = "Auri 02Tests";
			sourceTree = "<group>";
		};
		2B97797F2D8CA7A8003E7A5B /* Auri 02UITests */ = {
			isa = PBXFileSystemSynchronizedRootGroup;
			path = "Auri 02UITests";
			sourceTree = "<group>";
		};
/* End PBXFileSystemSynchronizedRootGroup section */

/* Begin PBXFrameworksBuildPhase section */
		2B97795E2D8CA7A7003E7A5B /* Frameworks */ = {
			isa = PBXFrameworksBuildPhase;
			buildActionMask = 2147483647;
			files = (
				2B9779DB2D8DC8E0003E7A5B /* PostgREST in Frameworks */,
				2B9779D92D8DC8E0003E7A5B /* Functions in Frameworks */,
				2B0C31B32D8DCCCF0055AAC0 /* Supabase in Frameworks */,
				2B9779D72D8DC8E0003E7A5B /* Auth in Frameworks */,
				2B9779DF2D8DC8E0003E7A5B /* Storage in Frameworks */,
				2B9779DD2D8DC8E0003E7A5B /* Realtime in Frameworks */,
			);
			runOnlyForDeploymentPostprocessing = 0;
		};
		2B97796F2D8CA7A8003E7A5B /* Frameworks */ = {
			isa = PBXFrameworksBuildPhase;
			buildActionMask = 2147483647;
			files = (
			);
			runOnlyForDeploymentPostprocessing = 0;
		};
		2B9779792D8CA7A8003E7A5B /* Frameworks */ = {
			isa = PBXFrameworksBuildPhase;
			buildActionMask = 2147483647;
			files = (
			);
			runOnlyForDeploymentPostprocessing = 0;
		};
/* End PBXFrameworksBuildPhase section */

/* Begin PBXGroup section */
		2B0C31B12D8DCCCF0055AAC0 /* Frameworks */ = {
			isa = PBXGroup;
			children = (
			);
			name = Frameworks;
			sourceTree = "<group>";
		};
		2B9779582D8CA7A7003E7A5B = {
			isa = PBXGroup;
			children = (
				2B9779632D8CA7A7003E7A5B /* Auri 02 */,
				2B9779752D8CA7A8003E7A5B /* Auri 02Tests */,
				2B97797F2D8CA7A8003E7A5B /* Auri 02UITests */,
				2B0C31B12D8DCCCF0055AAC0 /* Frameworks */,
				2B9779622D8CA7A7003E7A5B /* Products */,
			);
			sourceTree = "<group>";
		};
		2B9779622D8CA7A7003E7A5B /* Products */ = {
			isa = PBXGroup;
			children = (
				2B9779612D8CA7A7003E7A5B /* Auri 02.app */,
				2B9779722D8CA7A8003E7A5B /* Auri 02Tests.xctest */,
				2B97797C2D8CA7A8003E7A5B /* Auri 02UITests.xctest */,
			);
			name = Products;
			sourceTree = "<group>";
		};
/* End PBXGroup section */

/* Begin PBXNativeTarget section */
		2B9779602D8CA7A7003E7A5B /* Auri 02 */ = {
			isa = PBXNativeTarget;
			buildConfigurationList = 2B9779862D8CA7A8003E7A5B /* Build configuration list for PBXNativeTarget "Auri 02" */;
			buildPhases = (
				2B97795D2D8CA7A7003E7A5B /* Sources */,
				2B97795E2D8CA7A7003E7A5B /* Frameworks */,
				2B97795F2D8CA7A7003E7A5B /* Resources */,
			);
			buildRules = (
			);
			dependencies = (
			);
			fileSystemSynchronizedGroups = (
				2B9779632D8CA7A7003E7A5B /* Auri 02 */,
			);
			name = "Auri 02";
			packageProductDependencies = (
				2B9779D62D8DC8E0003E7A5B /* Auth */,
				2B9779D82D8DC8E0003E7A5B /* Functions */,
				2B9779DA2D8DC8E0003E7A5B /* PostgREST */,
				2B9779DC2D8DC8E0003E7A5B /* Realtime */,
				2B9779DE2D8DC8E0003E7A5B /* Storage */,
				2B0C31B22D8DCCCF0055AAC0 /* Supabase */,
			);
			productName = "Auri 02";
			productReference = 2B9779612D8CA7A7003E7A5B /* Auri 02.app */;
			productType = "com.apple.product-type.application";
		};
		2B9779712D8CA7A8003E7A5B /* Auri 02Tests */ = {
			isa = PBXNativeTarget;
			buildConfigurationList = 2B9779892D8CA7A8003E7A5B /* Build configuration list for PBXNativeTarget "Auri 02Tests" */;
			buildPhases = (
				2B97796E2D8CA7A8003E7A5B /* Sources */,
				2B97796F2D8CA7A8003E7A5B /* Frameworks */,
				2B9779702D8CA7A8003E7A5B /* Resources */,
			);
			buildRules = (
			);
			dependencies = (
				2B9779742D8CA7A8003E7A5B /* PBXTargetDependency */,
			);
			fileSystemSynchronizedGroups = (
				2B9779752D8CA7A8003E7A5B /* Auri 02Tests */,
			);
			name = "Auri 02Tests";
			packageProductDependencies = (
			);
			productName = "Auri 02Tests";
			productReference = 2B9779722D8CA7A8003E7A5B /* Auri 02Tests.xctest */;
			productType = "com.apple.product-type.bundle.unit-test";
		};
		2B97797B2D8CA7A8003E7A5B /* Auri 02UITests */ = {
			isa = PBXNativeTarget;
			buildConfigurationList = 2B97798C2D8CA7A8003E7A5B /* Build configuration list for PBXNativeTarget "Auri 02UITests" */;
			buildPhases = (
				2B9779782D8CA7A8003E7A5B /* Sources */,
				2B9779792D8CA7A8003E7A5B /* Frameworks */,
				2B97797A2D8CA7A8003E7A5B /* Resources */,
			);
			buildRules = (
			);
			dependencies = (
				2B97797E2D8CA7A8003E7A5B /* PBXTargetDependency */,
			);
			fileSystemSynchronizedGroups = (
				2B97797F2D8CA7A8003E7A5B /* Auri 02UITests */,
			);
			name = "Auri 02UITests";
			packageProductDependencies = (
			);
			productName = "Auri 02UITests";
			productReference = 2B97797C2D8CA7A8003E7A5B /* Auri 02UITests.xctest */;
			productType = "com.apple.product-type.bundle.ui-testing";
		};
/* End PBXNativeTarget section */

/* Begin PBXProject section */
		2B9779592D8CA7A7003E7A5B /* Project object */ = {
			isa = PBXProject;
			attributes = {
				BuildIndependentTargetsInParallel = 1;
				LastSwiftUpdateCheck = 1620;
				LastUpgradeCheck = 1620;
				TargetAttributes = {
					2B9779602D8CA7A7003E7A5B = {
						CreatedOnToolsVersion = 16.2;
					};
					2B9779712D8CA7A8003E7A5B = {
						CreatedOnToolsVersion = 16.2;
						TestTargetID = 2B9779602D8CA7A7003E7A5B;
					};
					2B97797B2D8CA7A8003E7A5B = {
						CreatedOnToolsVersion = 16.2;
						TestTargetID = 2B9779602D8CA7A7003E7A5B;
					};
				};
			};
			buildConfigurationList = 2B97795C2D8CA7A7003E7A5B /* Build configuration list for PBXProject "Auri 02" */;
			developmentRegion = en;
			hasScannedForEncodings = 0;
			knownRegions = (
				en,
				Base,
			);
			mainGroup = 2B9779582D8CA7A7003E7A5B;
			minimizedProjectReferenceProxies = 1;
			packageReferences = (
				2B9779D52D8DC8E0003E7A5B /* XCRemoteSwiftPackageReference "supabase-swift" */,
			);
			preferredProjectObjectVersion = 77;
			productRefGroup = 2B9779622D8CA7A7003E7A5B /* Products */;
			projectDirPath = "";
			projectRoot = "";
			targets = (
				2B9779602D8CA7A7003E7A5B /* Auri 02 */,
				2B9779712D8CA7A8003E7A5B /* Auri 02Tests */,
				2B97797B2D8CA7A8003E7A5B /* Auri 02UITests */,
			);
		};
/* End PBXProject section */

/* Begin PBXResourcesBuildPhase section */
		2B97795F2D8CA7A7003E7A5B /* Resources */ = {
			isa = PBXResourcesBuildPhase;
			buildActionMask = 2147483647;
			files = (
			);
			runOnlyForDeploymentPostprocessing = 0;
		};
		2B9779702D8CA7A8003E7A5B /* Resources */ = {
			isa = PBXResourcesBuildPhase;
			buildActionMask = 2147483647;
			files = (
			);
			runOnlyForDeploymentPostprocessing = 0;
		};
		2B97797A2D8CA7A8003E7A5B /* Resources */ = {
			isa = PBXResourcesBuildPhase;
			buildActionMask = 2147483647;
			files = (
			);
			runOnlyForDeploymentPostprocessing = 0;
		};
/* End PBXResourcesBuildPhase section */

/* Begin PBXSourcesBuildPhase section */
		2B97795D2D8CA7A7003E7A5B /* Sources */ = {
			isa = PBXSourcesBuildPhase;
			buildActionMask = 2147483647;
			files = (
			);
			runOnlyForDeploymentPostprocessing = 0;
		};
		2B97796E2D8CA7A8003E7A5B /* Sources */ = {
			isa = PBXSourcesBuildPhase;
			buildActionMask = 2147483647;
			files = (
			);
			runOnlyForDeploymentPostprocessing = 0;
		};
		2B9779782D8CA7A8003E7A5B /* Sources */ = {
			isa = PBXSourcesBuildPhase;
			buildActionMask = 2147483647;
			files = (
			);
			runOnlyForDeploymentPostprocessing = 0;
		};
/* End PBXSourcesBuildPhase section */

/* Begin PBXTargetDependency section */
		2B9779742D8CA7A8003E7A5B /* PBXTargetDependency */ = {
			isa = PBXTargetDependency;
			target = 2B9779602D8CA7A7003E7A5B /* Auri 02 */;
			targetProxy = 2B9779732D8CA7A8003E7A5B /* PBXContainerItemProxy */;
		};
		2B97797E2D8CA7A8003E7A5B /* PBXTargetDependency */ = {
			isa = PBXTargetDependency;
			target = 2B9779602D8CA7A7003E7A5B /* Auri 02 */;
			targetProxy = 2B97797D2D8CA7A8003E7A5B /* PBXContainerItemProxy */;
		};
/* End PBXTargetDependency section */

/* Begin XCBuildConfiguration section */
		2B9779842D8CA7A8003E7A5B /* Debug */ = {
			isa = XCBuildConfiguration;
			buildSettings = {
				ALWAYS_SEARCH_USER_PATHS = NO;
				ASSETCATALOG_COMPILER_GENERATE_SWIFT_ASSET_SYMBOL_EXTENSIONS = YES;
				CLANG_ANALYZER_NONNULL = YES;
				CLANG_ANALYZER_NUMBER_OBJECT_CONVERSION = YES_AGGRESSIVE;
				CLANG_CXX_LANGUAGE_STANDARD = "gnu++20";
				CLANG_ENABLE_MODULES = YES;
				CLANG_ENABLE_OBJC_ARC = YES;
				CLANG_ENABLE_OBJC_WEAK = YES;
				CLANG_WARN_BLOCK_CAPTURE_AUTORELEASING = YES;
				CLANG_WARN_BOOL_CONVERSION = YES;
				CLANG_WARN_COMMA = YES;
				CLANG_WARN_CONSTANT_CONVERSION = YES;
				CLANG_WARN_DEPRECATED_OBJC_IMPLEMENTATIONS = YES;
				CLANG_WARN_DIRECT_OBJC_ISA_USAGE = YES_ERROR;
				CLANG_WARN_DOCUMENTATION_COMMENTS = YES;
				CLANG_WARN_EMPTY_BODY = YES;
				CLANG_WARN_ENUM_CONVERSION = YES;
				CLANG_WARN_INFINITE_RECURSION = YES;
				CLANG_WARN_INT_CONVERSION = YES;
				CLANG_WARN_NON_LITERAL_NULL_CONVERSION = YES;
				CLANG_WARN_OBJC_IMPLICIT_RETAIN_SELF = YES;
				CLANG_WARN_OBJC_LITERAL_CONVERSION = YES;
				CLANG_WARN_OBJC_ROOT_CLASS = YES_ERROR;
				CLANG_WARN_QUOTED_INCLUDE_IN_FRAMEWORK_HEADER = YES;
				CLANG_WARN_RANGE_LOOP_ANALYSIS = YES;
				CLANG_WARN_STRICT_PROTOTYPES = YES;
				CLANG_WARN_SUSPICIOUS_MOVE = YES;
				CLANG_WARN_UNGUARDED_AVAILABILITY = YES_AGGRESSIVE;
				CLANG_WARN_UNREACHABLE_CODE = YES;
				CLANG_WARN__DUPLICATE_METHOD_MATCH = YES;
				COPY_PHASE_STRIP = NO;
				DEBUG_INFORMATION_FORMAT = dwarf;
				ENABLE_STRICT_OBJC_MSGSEND = YES;
				ENABLE_TESTABILITY = YES;
				ENABLE_USER_SCRIPT_SANDBOXING = YES;
				GCC_C_LANGUAGE_STANDARD = gnu17;
				GCC_DYNAMIC_NO_PIC = NO;
				GCC_NO_COMMON_BLOCKS = YES;
				GCC_OPTIMIZATION_LEVEL = 0;
				GCC_PREPROCESSOR_DEFINITIONS = (
					"DEBUG=1",
					"$(inherited)",
				);
				GCC_WARN_64_TO_32_BIT_CONVERSION = YES;
				GCC_WARN_ABOUT_RETURN_TYPE = YES_ERROR;
				GCC_WARN_UNDECLARED_SELECTOR = YES;
				GCC_WARN_UNINITIALIZED_AUTOS = YES_AGGRESSIVE;
				GCC_WARN_UNUSED_FUNCTION = YES;
				GCC_WARN_UNUSED_VARIABLE = YES;
				LOCALIZATION_PREFERS_STRING_CATALOGS = YES;
				MTL_ENABLE_DEBUG_INFO = INCLUDE_SOURCE;
				MTL_FAST_MATH = YES;
				ONLY_ACTIVE_ARCH = YES;
				SWIFT_ACTIVE_COMPILATION_CONDITIONS = "DEBUG $(inherited)";
				SWIFT_OPTIMIZATION_LEVEL = "-Onone";
			};
			name = Debug;
		};
		2B9779852D8CA7A8003E7A5B /* Release */ = {
			isa = XCBuildConfiguration;
			buildSettings = {
				ALWAYS_SEARCH_USER_PATHS = NO;
				ASSETCATALOG_COMPILER_GENERATE_SWIFT_ASSET_SYMBOL_EXTENSIONS = YES;
				CLANG_ANALYZER_NONNULL = YES;
				CLANG_ANALYZER_NUMBER_OBJECT_CONVERSION = YES_AGGRESSIVE;
				CLANG_CXX_LANGUAGE_STANDARD = "gnu++20";
				CLANG_ENABLE_MODULES = YES;
				CLANG_ENABLE_OBJC_ARC = YES;
				CLANG_ENABLE_OBJC_WEAK = YES;
				CLANG_WARN_BLOCK_CAPTURE_AUTORELEASING = YES;
				CLANG_WARN_BOOL_CONVERSION = YES;
				CLANG_WARN_COMMA = YES;
				CLANG_WARN_CONSTANT_CONVERSION = YES;
				CLANG_WARN_DEPRECATED_OBJC_IMPLEMENTATIONS = YES;
				CLANG_WARN_DIRECT_OBJC_ISA_USAGE = YES_ERROR;
				CLANG_WARN_DOCUMENTATION_COMMENTS = YES;
				CLANG_WARN_EMPTY_BODY = YES;
				CLANG_WARN_ENUM_CONVERSION = YES;
				CLANG_WARN_INFINITE_RECURSION = YES;
				CLANG_WARN_INT_CONVERSION = YES;
				CLANG_WARN_NON_LITERAL_NULL_CONVERSION = YES;
				CLANG_WARN_OBJC_IMPLICIT_RETAIN_SELF = YES;
				CLANG_WARN_OBJC_LITERAL_CONVERSION = YES;
				CLANG_WARN_OBJC_ROOT_CLASS = YES_ERROR;
				CLANG_WARN_QUOTED_INCLUDE_IN_FRAMEWORK_HEADER = YES;
				CLANG_WARN_RANGE_LOOP_ANALYSIS = YES;
				CLANG_WARN_STRICT_PROTOTYPES = YES;
				CLANG_WARN_SUSPICIOUS_MOVE = YES;
				CLANG_WARN_UNGUARDED_AVAILABILITY = YES_AGGRESSIVE;
				CLANG_WARN_UNREACHABLE_CODE = YES;
				CLANG_WARN__DUPLICATE_METHOD_MATCH = YES;
				COPY_PHASE_STRIP = NO;
				DEBUG_INFORMATION_FORMAT = "dwarf-with-dsym";
				ENABLE_NS_ASSERTIONS = NO;
				ENABLE_STRICT_OBJC_MSGSEND = YES;
				ENABLE_USER_SCRIPT_SANDBOXING = YES;
				GCC_C_LANGUAGE_STANDARD = gnu17;
				GCC_NO_COMMON_BLOCKS = YES;
				GCC_WARN_64_TO_32_BIT_CONVERSION = YES;
				GCC_WARN_ABOUT_RETURN_TYPE = YES_ERROR;
				GCC_WARN_UNDECLARED_SELECTOR = YES;
				GCC_WARN_UNINITIALIZED_AUTOS = YES_AGGRESSIVE;
				GCC_WARN_UNUSED_FUNCTION = YES;
				GCC_WARN_UNUSED_VARIABLE = YES;
				LOCALIZATION_PREFERS_STRING_CATALOGS = YES;
				MTL_ENABLE_DEBUG_INFO = NO;
				MTL_FAST_MATH = YES;
				SWIFT_COMPILATION_MODE = wholemodule;
			};
			name = Release;
		};
		2B9779872D8CA7A8003E7A5B /* Debug */ = {
			isa = XCBuildConfiguration;
			buildSettings = {
				ASSETCATALOG_COMPILER_APPICON_NAME = AppIcon;
				ASSETCATALOG_COMPILER_GLOBAL_ACCENT_COLOR_NAME = AccentColor;
				CODE_SIGN_ENTITLEMENTS = "Auri 02/Auri_02.entitlements";
				CODE_SIGN_STYLE = Automatic;
				CURRENT_PROJECT_VERSION = 1;
				DEVELOPMENT_ASSET_PATHS = "\"Auri 02/Preview Content\"";
				DEVELOPMENT_TEAM = F9P7VXX3Q7;
				ENABLE_HARDENED_RUNTIME = YES;
				ENABLE_PREVIEWS = YES;
				GENERATE_INFOPLIST_FILE = YES;
				"INFOPLIST_KEY_UIApplicationSceneManifest_Generation[sdk=iphoneos*]" = YES;
				"INFOPLIST_KEY_UIApplicationSceneManifest_Generation[sdk=iphonesimulator*]" = YES;
				"INFOPLIST_KEY_UIApplicationSupportsIndirectInputEvents[sdk=iphoneos*]" = YES;
				"INFOPLIST_KEY_UIApplicationSupportsIndirectInputEvents[sdk=iphonesimulator*]" = YES;
				"INFOPLIST_KEY_UILaunchScreen_Generation[sdk=iphoneos*]" = YES;
				"INFOPLIST_KEY_UILaunchScreen_Generation[sdk=iphonesimulator*]" = YES;
				"INFOPLIST_KEY_UIStatusBarStyle[sdk=iphoneos*]" = UIStatusBarStyleDefault;
				"INFOPLIST_KEY_UIStatusBarStyle[sdk=iphonesimulator*]" = UIStatusBarStyleDefault;
				INFOPLIST_KEY_UISupportedInterfaceOrientations_iPad = "UIInterfaceOrientationPortrait UIInterfaceOrientationPortraitUpsideDown UIInterfaceOrientationLandscapeLeft UIInterfaceOrientationLandscapeRight";
				INFOPLIST_KEY_UISupportedInterfaceOrientations_iPhone = "UIInterfaceOrientationPortrait UIInterfaceOrientationLandscapeLeft UIInterfaceOrientationLandscapeRight";
				IPHONEOS_DEPLOYMENT_TARGET = 18.2;
				LD_RUNPATH_SEARCH_PATHS = "@executable_path/Frameworks";
				"LD_RUNPATH_SEARCH_PATHS[sdk=macosx*]" = "@executable_path/../Frameworks";
				MACOSX_DEPLOYMENT_TARGET = 15.2;
				MARKETING_VERSION = 1.0;
				PRODUCT_BUNDLE_IDENTIFIER = "com.justinauri02.Auri-02";
				PRODUCT_NAME = "$(TARGET_NAME)";
				SDKROOT = auto;
				SUPPORTED_PLATFORMS = "iphoneos iphonesimulator macosx xros xrsimulator";
				SWIFT_EMIT_LOC_STRINGS = YES;
				SWIFT_VERSION = 5.0;
				TARGETED_DEVICE_FAMILY = "1,2,7";
				XROS_DEPLOYMENT_TARGET = 2.2;
			};
			name = Debug;
		};
		2B9779882D8CA7A8003E7A5B /* Release */ = {
			isa = XCBuildConfiguration;
			buildSettings = {
				ASSETCATALOG_COMPILER_APPICON_NAME = AppIcon;
				ASSETCATALOG_COMPILER_GLOBAL_ACCENT_COLOR_NAME = AccentColor;
				CODE_SIGN_ENTITLEMENTS = "Auri 02/Auri_02.entitlements";
				CODE_SIGN_STYLE = Automatic;
				CURRENT_PROJECT_VERSION = 1;
				DEVELOPMENT_ASSET_PATHS = "\"Auri 02/Preview Content\"";
				DEVELOPMENT_TEAM = F9P7VXX3Q7;
				ENABLE_HARDENED_RUNTIME = YES;
				ENABLE_PREVIEWS = YES;
				GENERATE_INFOPLIST_FILE = YES;
				"INFOPLIST_KEY_UIApplicationSceneManifest_Generation[sdk=iphoneos*]" = YES;
				"INFOPLIST_KEY_UIApplicationSceneManifest_Generation[sdk=iphonesimulator*]" = YES;
				"INFOPLIST_KEY_UIApplicationSupportsIndirectInputEvents[sdk=iphoneos*]" = YES;
				"INFOPLIST_KEY_UIApplicationSupportsIndirectInputEvents[sdk=iphonesimulator*]" = YES;
				"INFOPLIST_KEY_UILaunchScreen_Generation[sdk=iphoneos*]" = YES;
				"INFOPLIST_KEY_UILaunchScreen_Generation[sdk=iphonesimulator*]" = YES;
				"INFOPLIST_KEY_UIStatusBarStyle[sdk=iphoneos*]" = UIStatusBarStyleDefault;
				"INFOPLIST_KEY_UIStatusBarStyle[sdk=iphonesimulator*]" = UIStatusBarStyleDefault;
				INFOPLIST_KEY_UISupportedInterfaceOrientations_iPad = "UIInterfaceOrientationPortrait UIInterfaceOrientationPortraitUpsideDown UIInterfaceOrientationLandscapeLeft UIInterfaceOrientationLandscapeRight";
				INFOPLIST_KEY_UISupportedInterfaceOrientations_iPhone = "UIInterfaceOrientationPortrait UIInterfaceOrientationLandscapeLeft UIInterfaceOrientationLandscapeRight";
				IPHONEOS_DEPLOYMENT_TARGET = 18.2;
				LD_RUNPATH_SEARCH_PATHS = "@executable_path/Frameworks";
				"LD_RUNPATH_SEARCH_PATHS[sdk=macosx*]" = "@executable_path/../Frameworks";
				MACOSX_DEPLOYMENT_TARGET = 15.2;
				MARKETING_VERSION = 1.0;
				PRODUCT_BUNDLE_IDENTIFIER = "com.justinauri02.Auri-02";
				PRODUCT_NAME = "$(TARGET_NAME)";
				SDKROOT = auto;
				SUPPORTED_PLATFORMS = "iphoneos iphonesimulator macosx xros xrsimulator";
				SWIFT_EMIT_LOC_STRINGS = YES;
				SWIFT_VERSION = 5.0;
				TARGETED_DEVICE_FAMILY = "1,2,7";
				XROS_DEPLOYMENT_TARGET = 2.2;
			};
			name = Release;
		};
		2B97798A2D8CA7A8003E7A5B /* Debug */ = {
			isa = XCBuildConfiguration;
			buildSettings = {
				BUNDLE_LOADER = "$(TEST_HOST)";
				CODE_SIGN_STYLE = Automatic;
				CURRENT_PROJECT_VERSION = 1;
				DEVELOPMENT_TEAM = F9P7VXX3Q7;
				GENERATE_INFOPLIST_FILE = YES;
				IPHONEOS_DEPLOYMENT_TARGET = 18.2;
				MACOSX_DEPLOYMENT_TARGET = 15.2;
				MARKETING_VERSION = 1.0;
				PRODUCT_BUNDLE_IDENTIFIER = "com.justinauri02.Auri-02Tests";
				PRODUCT_NAME = "$(TARGET_NAME)";
				SDKROOT = auto;
				SUPPORTED_PLATFORMS = "iphoneos iphonesimulator macosx xros xrsimulator";
				SWIFT_EMIT_LOC_STRINGS = NO;
				SWIFT_VERSION = 5.0;
				TARGETED_DEVICE_FAMILY = "1,2,7";
				TEST_HOST = "$(BUILT_PRODUCTS_DIR)/Auri 02.app/$(BUNDLE_EXECUTABLE_FOLDER_PATH)/Auri 02";
				XROS_DEPLOYMENT_TARGET = 2.2;
			};
			name = Debug;
		};
		2B97798B2D8CA7A8003E7A5B /* Release */ = {
			isa = XCBuildConfiguration;
			buildSettings = {
				BUNDLE_LOADER = "$(TEST_HOST)";
				CODE_SIGN_STYLE = Automatic;
				CURRENT_PROJECT_VERSION = 1;
				DEVELOPMENT_TEAM = F9P7VXX3Q7;
				GENERATE_INFOPLIST_FILE = YES;
				IPHONEOS_DEPLOYMENT_TARGET = 18.2;
				MACOSX_DEPLOYMENT_TARGET = 15.2;
				MARKETING_VERSION = 1.0;
				PRODUCT_BUNDLE_IDENTIFIER = "com.justinauri02.Auri-02Tests";
				PRODUCT_NAME = "$(TARGET_NAME)";
				SDKROOT = auto;
				SUPPORTED_PLATFORMS = "iphoneos iphonesimulator macosx xros xrsimulator";
				SWIFT_EMIT_LOC_STRINGS = NO;
				SWIFT_VERSION = 5.0;
				TARGETED_DEVICE_FAMILY = "1,2,7";
				TEST_HOST = "$(BUILT_PRODUCTS_DIR)/Auri 02.app/$(BUNDLE_EXECUTABLE_FOLDER_PATH)/Auri 02";
				XROS_DEPLOYMENT_TARGET = 2.2;
			};
			name = Release;
		};
		2B97798D2D8CA7A8003E7A5B /* Debug */ = {
			isa = XCBuildConfiguration;
			buildSettings = {
				CODE_SIGN_STYLE = Automatic;
				CURRENT_PROJECT_VERSION = 1;
				DEVELOPMENT_TEAM = F9P7VXX3Q7;
				GENERATE_INFOPLIST_FILE = YES;
				IPHONEOS_DEPLOYMENT_TARGET = 18.2;
				MACOSX_DEPLOYMENT_TARGET = 15.2;
				MARKETING_VERSION = 1.0;
				PRODUCT_BUNDLE_IDENTIFIER = "com.justinauri02.Auri-02UITests";
				PRODUCT_NAME = "$(TARGET_NAME)";
				SDKROOT = auto;
				SUPPORTED_PLATFORMS = "iphoneos iphonesimulator macosx xros xrsimulator";
				SWIFT_EMIT_LOC_STRINGS = NO;
				SWIFT_VERSION = 5.0;
				TARGETED_DEVICE_FAMILY = "1,2,7";
				TEST_TARGET_NAME = "Auri 02";
				XROS_DEPLOYMENT_TARGET = 2.2;
			};
			name = Debug;
		};
		2B97798E2D8CA7A8003E7A5B /* Release */ = {
			isa = XCBuildConfiguration;
			buildSettings = {
				CODE_SIGN_STYLE = Automatic;
				CURRENT_PROJECT_VERSION = 1;
				DEVELOPMENT_TEAM = F9P7VXX3Q7;
				GENERATE_INFOPLIST_FILE = YES;
				IPHONEOS_DEPLOYMENT_TARGET = 18.2;
				MACOSX_DEPLOYMENT_TARGET = 15.2;
				MARKETING_VERSION = 1.0;
				PRODUCT_BUNDLE_IDENTIFIER = "com.justinauri02.Auri-02UITests";
				PRODUCT_NAME = "$(TARGET_NAME)";
				SDKROOT = auto;
				SUPPORTED_PLATFORMS = "iphoneos iphonesimulator macosx xros xrsimulator";
				SWIFT_EMIT_LOC_STRINGS = NO;
				SWIFT_VERSION = 5.0;
				TARGETED_DEVICE_FAMILY = "1,2,7";
				TEST_TARGET_NAME = "Auri 02";
				XROS_DEPLOYMENT_TARGET = 2.2;
			};
			name = Release;
		};
/* End XCBuildConfiguration section */

/* Begin XCConfigurationList section */
		2B97795C2D8CA7A7003E7A5B /* Build configuration list for PBXProject "Auri 02" */ = {
			isa = XCConfigurationList;
			buildConfigurations = (
				2B9779842D8CA7A8003E7A5B /* Debug */,
				2B9779852D8CA7A8003E7A5B /* Release */,
			);
			defaultConfigurationIsVisible = 0;
			defaultConfigurationName = Release;
		};
		2B9779862D8CA7A8003E7A5B /* Build configuration list for PBXNativeTarget "Auri 02" */ = {
			isa = XCConfigurationList;
			buildConfigurations = (
				2B9779872D8CA7A8003E7A5B /* Debug */,
				2B9779882D8CA7A8003E7A5B /* Release */,
			);
			defaultConfigurationIsVisible = 0;
			defaultConfigurationName = Release;
		};
		2B9779892D8CA7A8003E7A5B /* Build configuration list for PBXNativeTarget "Auri 02Tests" */ = {
			isa = XCConfigurationList;
			buildConfigurations = (
				2B97798A2D8CA7A8003E7A5B /* Debug */,
				2B97798B2D8CA7A8003E7A5B /* Release */,
			);
			defaultConfigurationIsVisible = 0;
			defaultConfigurationName = Release;
		};
		2B97798C2D8CA7A8003E7A5B /* Build configuration list for PBXNativeTarget "Auri 02UITests" */ = {
			isa = XCConfigurationList;
			buildConfigurations = (
				2B97798D2D8CA7A8003E7A5B /* Debug */,
				2B97798E2D8CA7A8003E7A5B /* Release */,
			);
			defaultConfigurationIsVisible = 0;
			defaultConfigurationName = Release;
		};
/* End XCConfigurationList section */

/* Begin XCRemoteSwiftPackageReference section */
		2B9779D52D8DC8E0003E7A5B /* XCRemoteSwiftPackageReference "supabase-swift" */ = {
			isa = XCRemoteSwiftPackageReference;
			repositoryURL = "https://github.com/supabase/supabase-swift";
			requirement = {
				kind = upToNextMajorVersion;
				minimumVersion = 2.5.1;
			};
		};
/* End XCRemoteSwiftPackageReference section */

/* Begin XCSwiftPackageProductDependency section */
		2B0C31B22D8DCCCF0055AAC0 /* Supabase */ = {
			isa = XCSwiftPackageProductDependency;
			package = 2B9779D52D8DC8E0003E7A5B /* XCRemoteSwiftPackageReference "supabase-swift" */;
			productName = Supabase;
		};
		2B9779D62D8DC8E0003E7A5B /* Auth */ = {
			isa = XCSwiftPackageProductDependency;
			package = 2B9779D52D8DC8E0003E7A5B /* XCRemoteSwiftPackageReference "supabase-swift" */;
			productName = Auth;
		};
		2B9779D82D8DC8E0003E7A5B /* Functions */ = {
			isa = XCSwiftPackageProductDependency;
			package = 2B9779D52D8DC8E0003E7A5B /* XCRemoteSwiftPackageReference "supabase-swift" */;
			productName = Functions;
		};
		2B9779DA2D8DC8E0003E7A5B /* PostgREST */ = {
			isa = XCSwiftPackageProductDependency;
			package = 2B9779D52D8DC8E0003E7A5B /* XCRemoteSwiftPackageReference "supabase-swift" */;
			productName = PostgREST;
		};
		2B9779DC2D8DC8E0003E7A5B /* Realtime */ = {
			isa = XCSwiftPackageProductDependency;
			package = 2B9779D52D8DC8E0003E7A5B /* XCRemoteSwiftPackageReference "supabase-swift" */;
			productName = Realtime;
		};
		2B9779DE2D8DC8E0003E7A5B /* Storage */ = {
			isa = XCSwiftPackageProductDependency;
			package = 2B9779D52D8DC8E0003E7A5B /* XCRemoteSwiftPackageReference "supabase-swift" */;
			productName = Storage;
		};
/* End XCSwiftPackageProductDependency section */
	};
	rootObject = 2B9779592D8CA7A7003E7A5B /* Project object */;
}
